
Microsoft Visual Studio Solution File, Format Version 12.00
Project("{FAE04EC0-301F-11D3-BF4B-00C04F79EFBC}") = "WebAPIAuth", "WebAPIAuth\WebAPIAuth.csproj", "{B764FA3C-60BC-4198-AFAB-21C0F0FC3004}"
EndProject
Global
	GlobalSection(SolutionConfigurationPlatforms) = preSolution
		Debug|Any CPU = Debug|Any CPU
		Release|Any CPU = Release|Any CPU
	EndGlobalSection
	GlobalSection(ProjectConfigurationPlatforms) = postSolution
		{B764FA3C-60BC-4198-AFAB-21C0F0FC3004}.Debug|Any CPU.ActiveCfg = Debug|Any CPU
		{B764FA3C-60BC-4198-AFAB-21C0F0FC3004}.Debug|Any CPU.Build.0 = Debug|Any CPU
		{B764FA3C-60BC-4198-AFAB-21C0F0FC3004}.Release|Any CPU.ActiveCfg = Release|Any CPU
		{B764FA3C-60BC-4198-AFAB-21C0F0FC3004}.Release|Any CPU.Build.0 = Release|Any CPU
	EndGlobalSection
EndGlobal
